[[package]]
name = "data-encoding"
version = "2.1.2"
source = "registry+https://github.com/rust-lang/crates.io-index"

[[package]]
name = "hcid"
version = "0.1.0"
dependencies = [
 "data-encoding 2.1.2 (registry+https://github.com/rust-lang/crates.io-index)",
 "reed-solomon 0.2.1 (registry+https://github.com/rust-lang/crates.io-index)",
]

[[package]]
name = "reed-solomon"
version = "0.2.1"
source = "registry+https://github.com/rust-lang/crates.io-index"

[metadata]
"checksum data-encoding 2.1.2 (registry+https://github.com/rust-lang/crates.io-index)" = "f4f47ca1860a761136924ddd2422ba77b2ea54fe8cc75b9040804a0d9d32ad97"
"checksum reed-solomon 0.2.1 (registry+https://github.com/rust-lang/crates.io-index)" = "13de68c877a77f35885442ac72c8beb7c2f0b09380c43b734b9d63d1db69ee54"
